
Microsoft Visual Studio Solution File, Format Version 12.00
Project("{FAE04EC0-301F-11D3-BF4B-00C04F79EFBC}") = "BookStore", "BookStore.csproj", "{F470D247-A4ED-49A4-8C8E-8D2FB541B5FB}"
EndProject
Global
	GlobalSection(SolutionConfigurationPlatforms) = preSolution
		Debug|Any CPU = Debug|Any CPU
		Release|Any CPU = Release|Any CPU
	EndGlobalSection
	GlobalSection(ProjectConfigurationPlatforms) = postSolution
		{F470D247-A4ED-49A4-8C8E-8D2FB541B5FB}.Debug|Any CPU.ActiveCfg = Debug|Any CPU
		{F470D247-A4ED-49A4-8C8E-8D2FB541B5FB}.Debug|Any CPU.Build.0 = Debug|Any CPU
		{F470D247-A4ED-49A4-8C8E-8D2FB541B5FB}.Release|Any CPU.ActiveCfg = Release|Any CPU
		{F470D247-A4ED-49A4-8C8E-8D2FB541B5FB}.Release|Any CPU.Build.0 = Release|Any CPU
	EndGlobalSection
EndGlobal
